
Microsoft Visual Studio Solution File, Format Version 12.00
# Visual Studio 15
VisualStudioVersion = 15.0.34031.82
MinimumVisualStudioVersion = 10.0.40219.1
Project("{8BC9CEB8-8B4A-11D0-8D11-00A0C91BC942}") = "Project3.17", "Project3.17\Project3.17.vcxproj", "{89D7CF2D-E223-4543-8C45-B9C9DE97EFFC}"
EndProject
Global
	GlobalSection(SolutionConfigurationPlatforms) = preSolution
		Debug|x64 = Debug|x64
		Debug|x86 = Debug|x86
		Release|x64 = Release|x64
		Release|x86 = Release|x86
	EndGlobalSection
	GlobalSection(ProjectConfigurationPlatforms) = postSolution
		{89D7CF2D-E223-4543-8C45-B9C9DE97EFFC}.Debug|x64.ActiveCfg = Debug|x64
		{89D7CF2D-E223-4543-8C45-B9C9DE97EFFC}.Debug|x64.Build.0 = Debug|x64
		{89D7CF2D-E223-4543-8C45-B9C9DE97EFFC}.Debug|x86.ActiveCfg = Debug|Win32
		{89D7CF2D-E223-4543-8C45-B9C9DE97EFFC}.Debug|x86.Build.0 = Debug|Win32
		{89D7CF2D-E223-4543-8C45-B9C9DE97EFFC}.Release|x64.ActiveCfg = Release|x64
		{89D7CF2D-E223-4543-8C45-B9C9DE97EFFC}.Release|x64.Build.0 = Release|x64
		{89D7CF2D-E223-4543-8C45-B9C9DE97EFFC}.Release|x86.ActiveCfg = Release|Win32
		{89D7CF2D-E223-4543-8C45-B9C9DE97EFFC}.Release|x86.Build.0 = Release|Win32
	EndGlobalSection
	GlobalSection(SolutionProperties) = preSolution
		HideSolutionNode = FALSE
	EndGlobalSection
	GlobalSection(ExtensibilityGlobals) = postSolution
		SolutionGuid = {A9C4F560-DD90-4DDE-BA7F-03B129C224F9}
	EndGlobalSection
EndGlobal
