
Microsoft Visual Studio Solution File, Format Version 12.00
# Visual Studio 15
VisualStudioVersion = 15.0.34031.82
MinimumVisualStudioVersion = 10.0.40219.1
Project("{8BC9CEB8-8B4A-11D0-8D11-00A0C91BC942}") = "Project3.20", "Project3.20\Project3.20.vcxproj", "{C857AF33-9FB6-4123-B69C-04853BDEBA0D}"
EndProject
Global
	GlobalSection(SolutionConfigurationPlatforms) = preSolution
		Debug|x64 = Debug|x64
		Debug|x86 = Debug|x86
		Release|x64 = Release|x64
		Release|x86 = Release|x86
	EndGlobalSection
	GlobalSection(ProjectConfigurationPlatforms) = postSolution
		{C857AF33-9FB6-4123-B69C-04853BDEBA0D}.Debug|x64.ActiveCfg = Debug|x64
		{C857AF33-9FB6-4123-B69C-04853BDEBA0D}.Debug|x64.Build.0 = Debug|x64
		{C857AF33-9FB6-4123-B69C-04853BDEBA0D}.Debug|x86.ActiveCfg = Debug|Win32
		{C857AF33-9FB6-4123-B69C-04853BDEBA0D}.Debug|x86.Build.0 = Debug|Win32
		{C857AF33-9FB6-4123-B69C-04853BDEBA0D}.Release|x64.ActiveCfg = Release|x64
		{C857AF33-9FB6-4123-B69C-04853BDEBA0D}.Release|x64.Build.0 = Release|x64
		{C857AF33-9FB6-4123-B69C-04853BDEBA0D}.Release|x86.ActiveCfg = Release|Win32
		{C857AF33-9FB6-4123-B69C-04853BDEBA0D}.Release|x86.Build.0 = Release|Win32
	EndGlobalSection
	GlobalSection(SolutionProperties) = preSolution
		HideSolutionNode = FALSE
	EndGlobalSection
	GlobalSection(ExtensibilityGlobals) = postSolution
		SolutionGuid = {271E49CE-6F7D-4BBE-A252-A18028896AF5}
	EndGlobalSection
EndGlobal
